schema: '2.0'
stages:
  cleaning:
    cmd: python .\second_hand_car_price_prediction\0_cleaning.py
    deps:
    - path: .\second_hand_car_price_prediction\0_cleaning.py
      hash: md5
      md5: 6a33cbd1ba651f8e58e20ede551c477f
      size: 7516
    outs:
    - path: .\data\processed\
      hash: md5
      md5: 43acec082667be28ef33c98982fba573.dir
      size: 1643659
      nfiles: 1
  transformation:
    cmd: python .\second_hand_car_price_prediction\1_transformation.py
    deps:
    - path: .\second_hand_car_price_prediction\1_transformation.py
      hash: md5
      md5: ef0f7827b8cc594f365418c8a5f5b2d2
      size: 6880
    params:
      params.yaml:
        transformation.discretize: false
        transformation.min_model_count: 10
        transformation.min_rto_count: 0
        transformation.standardise: true
    outs:
    - path: .\data\transformed\
      hash: md5
      md5: 39b16236767646584350a178881eeee3.dir
      size: 44409820
      nfiles: 5
  dataset:
    cmd: python .\second_hand_car_price_prediction\2_dataset.py
    deps:
    - path: .\second_hand_car_price_prediction\2_dataset.py
      hash: md5
      md5: 74e57ab632822dc77800bfb75c18fc7d
      size: 1281
    params:
      params.yaml:
        dataset.random_state: 42
        dataset.test_size: 0.1
    outs:
    - path: .\data\train_test_split\
      hash: md5
      md5: d4635ea9757865cd1ce02bdaa7c72de6.dir
      size: 16827849
      nfiles: 2
  model:
    cmd: python .\second_hand_car_price_prediction\3_model.py
    deps:
    - path: .\second_hand_car_price_prediction\3_model.py
      hash: md5
      md5: 5bf04bc9e5a68f0627b73746193cf083
      size: 8891
    params:
      params.yaml:
        model.try_model: false
        model.tune_XGBoost: false
        model.tune_gradient_boosting: false
        model.tune_random_forest: false
