schema: '2.0'
stages:
  cleaning:
    cmd: python ./second_hand_car_price_prediction/0_cleaning.py
    deps:
    - path: ./second_hand_car_price_prediction/0_cleaning.py
      hash: md5
      md5: ab2fa6c4a55a6cdef2ceeed8c47e63da
      size: 7273
    outs:
    - path: ./data/processed/
      hash: md5
      md5: 43acec082667be28ef33c98982fba573.dir
      size: 1643659
      nfiles: 1
  transformation:
    cmd: python ./second_hand_car_price_prediction/1_transformation.py
    deps:
    - path: ./second_hand_car_price_prediction/1_transformation.py
      hash: md5
      md5: 4fb7a024787b962ec2a306a757108c65
      size: 7341
    params:
      params.yaml:
        transformation.discretize: false
        transformation.min_model_count: 10
        transformation.min_rto_count: 0
        transformation.standardise: true
    outs:
    - path: ./data/transformed/
      hash: md5
      md5: d199f3bc08e0fac51997860b762a8f22.dir
      size: 44470477
      nfiles: 8
  dataset:
    cmd: python ./second_hand_car_price_prediction/2_dataset.py
    deps:
    - path: ./second_hand_car_price_prediction/2_dataset.py
      hash: md5
      md5: 0667167d3697804b2edda7ca966752ea
      size: 1234
    params:
      params.yaml:
        dataset.random_state: 42
        dataset.test_size: 0.1
    outs:
    - path: ./data/train_test_split/
      hash: md5
      md5: a94d4209c59265bc4b2da27cccfb0813.dir
      size: 44364634
      nfiles: 2
  model:
    cmd: python ./second_hand_car_price_prediction/3_model.py
    deps:
    - path: ./second_hand_car_price_prediction/3_model.py
      hash: md5
      md5: fcb206aaef6a25388f3afa52de7ca62c
      size: 11983
    params:
      params.yaml:
        model.try_model: true
        model.tune_XGBoost: false
        model.tune_gradient_boosting: false
        model.tune_light_boost: false
        model.tune_random_forest: false
